
Microsoft Visual Studio Solution File, Format Version 12.00
# Visual Studio Version 16
VisualStudioVersion = 16.0.29215.179
MinimumVisualStudioVersion = 10.0.40219.1
Project("{9A19103F-16F7-4668-BE54-9A1E7A4F7556}") = "Academy_FinalProject", "Academy_FinalProject\Academy_FinalProject.csproj", "{3F34A884-9D51-4457-BDDD-32220F1BF942}"
EndProject
Project("{FAE04EC0-301F-11D3-BF4B-00C04F79EFBC}") = "NUnit_Testing", "NUnit_Testing\NUnit_Testing.csproj", "{346A2A34-E299-4A5D-832A-0780AEF3823B}"
EndProject
Global
	GlobalSection(SolutionConfigurationPlatforms) = preSolution
		Debug|Any CPU = Debug|Any CPU
		Release|Any CPU = Release|Any CPU
	EndGlobalSection
	GlobalSection(ProjectConfigurationPlatforms) = postSolution
		{3F34A884-9D51-4457-BDDD-32220F1BF942}.Debug|Any CPU.ActiveCfg = Debug|Any CPU
		{3F34A884-9D51-4457-BDDD-32220F1BF942}.Debug|Any CPU.Build.0 = Debug|Any CPU
		{3F34A884-9D51-4457-BDDD-32220F1BF942}.Release|Any CPU.ActiveCfg = Release|Any CPU
		{3F34A884-9D51-4457-BDDD-32220F1BF942}.Release|Any CPU.Build.0 = Release|Any CPU
		{346A2A34-E299-4A5D-832A-0780AEF3823B}.Debug|Any CPU.ActiveCfg = Debug|Any CPU
		{346A2A34-E299-4A5D-832A-0780AEF3823B}.Debug|Any CPU.Build.0 = Debug|Any CPU
		{346A2A34-E299-4A5D-832A-0780AEF3823B}.Release|Any CPU.ActiveCfg = Release|Any CPU
		{346A2A34-E299-4A5D-832A-0780AEF3823B}.Release|Any CPU.Build.0 = Release|Any CPU
	EndGlobalSection
	GlobalSection(SolutionProperties) = preSolution
		HideSolutionNode = FALSE
	EndGlobalSection
	GlobalSection(ExtensibilityGlobals) = postSolution
		SolutionGuid = {5AA712BC-3E0C-4FAF-9750-2DB46A0A023C}
	EndGlobalSection
EndGlobal
